{
  "version": "3",
  "packages": {
    "specifiers": {
      "jsr:@mbw/roarbot@^1.6.0": "jsr:@mbw/roarbot@1.6.0",
      "jsr:@std/dotenv": "jsr:@std/dotenv@0.225.0",
      "npm:zod@3": "npm:zod@3.23.8"
    },
    "jsr": {
      "@mbw/roarbot@1.0.1": {
        "integrity": "30ab8815f63424d1b3ba1c721b295e51bcd9be9b70fca75571d37b11ae0e7a6a",
        "dependencies": [
          "npm:zod@3"
        ]
      },
      "@mbw/roarbot@1.6.0": {
        "integrity": "dd159f142f67b9f795d1dcc69f5676d931ac25dfdae2430862ef1f9961076f88",
        "dependencies": [
          "npm:zod@3"
        ]
      },
      "@std/dotenv@0.224.0": {
        "integrity": "d9234cdf551507dcda60abb6c474289843741d8c07ee8ce540c60f5c1b220a1d"
      },
      "@std/dotenv@0.225.0": {
        "integrity": "44db32932c67df82790a3e6847d7007befb6cc22d71f2f3ee7b7d00e1f0d6c94"
      }
    },
    "npm": {
      "zod@3.23.8": {
        "integrity": "sha512-XBx9AXhXktjUqnepgTiE5flcKIYWi/rme0Eaj+5Y0lftuGBq+jyRu/md4WnuxqgP1ubdpNCsYEYPxrzVHD8d6g==",
        "dependencies": {}
      }
    }
  },
  "remote": {},
  "workspace": {
    "dependencies": [
      "jsr:@mbw/roarbot@^1.6.0"
    ]
  }
}
